
Microsoft Visual Studio Solution File, Format Version 12.00
# Visual Studio Version 16
VisualStudioVersion = 16.0.31129.286
MinimumVisualStudioVersion = 10.0.40219.1
Project("{FAE04EC0-301F-11D3-BF4B-00C04F79EFBC}") = "MatchingGame", "MatchingGame\MatchingGame.csproj", "{53CEF7D0-D873-473C-9EBD-13789103B426}"
EndProject
Global
	GlobalSection(SolutionConfigurationPlatforms) = preSolution
		Debug|Any CPU = Debug|Any CPU
		Release|Any CPU = Release|Any CPU
	EndGlobalSection
	GlobalSection(ProjectConfigurationPlatforms) = postSolution
		{53CEF7D0-D873-473C-9EBD-13789103B426}.Debug|Any CPU.ActiveCfg = Debug|Any CPU
		{53CEF7D0-D873-473C-9EBD-13789103B426}.Debug|Any CPU.Build.0 = Debug|Any CPU
		{53CEF7D0-D873-473C-9EBD-13789103B426}.Release|Any CPU.ActiveCfg = Release|Any CPU
		{53CEF7D0-D873-473C-9EBD-13789103B426}.Release|Any CPU.Build.0 = Release|Any CPU
	EndGlobalSection
	GlobalSection(SolutionProperties) = preSolution
		HideSolutionNode = FALSE
	EndGlobalSection
	GlobalSection(ExtensibilityGlobals) = postSolution
		SolutionGuid = {18903DC2-8726-419E-AF4D-9229794A4C54}
	EndGlobalSection
EndGlobal
